
Microsoft Visual Studio Solution File, Format Version 12.00
# Visual Studio Version 17
VisualStudioVersion = 17.0.31903.59
MinimumVisualStudioVersion = 10.0.40219.1
Project("{FAE04EC0-301F-11D3-BF4B-00C04F79EFBC}") = "TaskManager.Domain", "TaskManager.Domain\TaskManager.Domain.csproj", "{DBE4A73D-1DF9-431C-8CB5-5C232D2CCB26}"
EndProject
Project("{FAE04EC0-301F-11D3-BF4B-00C04F79EFBC}") = "TaskManager.Services", "TaskManager.Services\TaskManager.Services.csproj", "{AA7BC51B-E035-4444-AF3C-8657DDA28896}"
EndProject
Project("{FAE04EC0-301F-11D3-BF4B-00C04F79EFBC}") = "TaskManager.API", "TaskManager.API\TaskManager.API.csproj", "{860A9256-235F-4AFD-B04C-D24E8EFD6575}"
EndProject
Global
	GlobalSection(SolutionConfigurationPlatforms) = preSolution
		Debug|Any CPU = Debug|Any CPU
		Release|Any CPU = Release|Any CPU
	EndGlobalSection
	GlobalSection(ProjectConfigurationPlatforms) = postSolution
		{DBE4A73D-1DF9-431C-8CB5-5C232D2CCB26}.Debug|Any CPU.ActiveCfg = Debug|Any CPU
		{DBE4A73D-1DF9-431C-8CB5-5C232D2CCB26}.Debug|Any CPU.Build.0 = Debug|Any CPU
		{DBE4A73D-1DF9-431C-8CB5-5C232D2CCB26}.Release|Any CPU.ActiveCfg = Release|Any CPU
		{DBE4A73D-1DF9-431C-8CB5-5C232D2CCB26}.Release|Any CPU.Build.0 = Release|Any CPU
		{AA7BC51B-E035-4444-AF3C-8657DDA28896}.Debug|Any CPU.ActiveCfg = Debug|Any CPU
		{AA7BC51B-E035-4444-AF3C-8657DDA28896}.Debug|Any CPU.Build.0 = Debug|Any CPU
		{AA7BC51B-E035-4444-AF3C-8657DDA28896}.Release|Any CPU.ActiveCfg = Release|Any CPU
		{AA7BC51B-E035-4444-AF3C-8657DDA28896}.Release|Any CPU.Build.0 = Release|Any CPU
		{860A9256-235F-4AFD-B04C-D24E8EFD6575}.Debug|Any CPU.ActiveCfg = Debug|Any CPU
		{860A9256-235F-4AFD-B04C-D24E8EFD6575}.Debug|Any CPU.Build.0 = Debug|Any CPU
		{860A9256-235F-4AFD-B04C-D24E8EFD6575}.Release|Any CPU.ActiveCfg = Release|Any CPU
		{860A9256-235F-4AFD-B04C-D24E8EFD6575}.Release|Any CPU.Build.0 = Release|Any CPU
	EndGlobalSection
	GlobalSection(SolutionProperties) = preSolution
		HideSolutionNode = FALSE
	EndGlobalSection
EndGlobal
